
Microsoft Visual Studio Solution File, Format Version 12.00
# Visual Studio 15
Project("{8BC9CEB8-8B4A-11D0-8D11-00A0C91BC942}") = "TypedEditor", "TypedEditor\TypedEditor.vcxproj", "{32183F7D-9ECD-B772-27C2-B1499376AE76}"
EndProject
Project("{2150E333-8FDC-42A3-9474-1A3956D46DE8}") = "Dependencies", "Dependencies", "{53E47842-3FC8-3998-A828-34EB942B241A}"
EndProject
Project("{8BC9CEB8-8B4A-11D0-8D11-00A0C91BC942}") = "glad", "TypedEngine\external\glad\glad.vcxproj", "{DD62977C-C999-980D-7286-7E105E9C140F}"
EndProject
Project("{8BC9CEB8-8B4A-11D0-8D11-00A0C91BC942}") = "glfw", "TypedEngine\external\glfw\glfw.vcxproj", "{9563977C-819A-980D-2A87-7E10169D140F}"
EndProject
Project("{8BC9CEB8-8B4A-11D0-8D11-00A0C91BC942}") = "lua", "TypedEngine\external\lua\lua.vcxproj", "{C78D880B-3397-887C-BC12-9F7C281B947C}"
EndProject
Project("{8BC9CEB8-8B4A-11D0-8D11-00A0C91BC942}") = "TypedEngine", "TypedEngine\TypedEngine.vcxproj", "{81C5F27D-ED7A-6B73-766F-654AE2236277}"
EndProject
Project("{8BC9CEB8-8B4A-11D0-8D11-00A0C91BC942}") = "TypedGame", "TypedGame\TypedGame.vcxproj", "{A5055D76-1170-11ED-5AAE-C292C657EF41}"
EndProject
Global
	GlobalSection(SolutionConfigurationPlatforms) = preSolution
		Debug|x64 = Debug|x64
		Release|x64 = Release|x64
	EndGlobalSection
	GlobalSection(ProjectConfigurationPlatforms) = postSolution
		{32183F7D-9ECD-B772-27C2-B1499376AE76}.Debug|x64.ActiveCfg = Debug|x64
		{32183F7D-9ECD-B772-27C2-B1499376AE76}.Debug|x64.Build.0 = Debug|x64
		{32183F7D-9ECD-B772-27C2-B1499376AE76}.Release|x64.ActiveCfg = Release|x64
		{32183F7D-9ECD-B772-27C2-B1499376AE76}.Release|x64.Build.0 = Release|x64
		{DD62977C-C999-980D-7286-7E105E9C140F}.Debug|x64.ActiveCfg = Debug|x64
		{DD62977C-C999-980D-7286-7E105E9C140F}.Debug|x64.Build.0 = Debug|x64
		{DD62977C-C999-980D-7286-7E105E9C140F}.Release|x64.ActiveCfg = Release|x64
		{DD62977C-C999-980D-7286-7E105E9C140F}.Release|x64.Build.0 = Release|x64
		{9563977C-819A-980D-2A87-7E10169D140F}.Debug|x64.ActiveCfg = Debug|x64
		{9563977C-819A-980D-2A87-7E10169D140F}.Debug|x64.Build.0 = Debug|x64
		{9563977C-819A-980D-2A87-7E10169D140F}.Release|x64.ActiveCfg = Release|x64
		{9563977C-819A-980D-2A87-7E10169D140F}.Release|x64.Build.0 = Release|x64
		{C78D880B-3397-887C-BC12-9F7C281B947C}.Debug|x64.ActiveCfg = Debug|x64
		{C78D880B-3397-887C-BC12-9F7C281B947C}.Debug|x64.Build.0 = Debug|x64
		{C78D880B-3397-887C-BC12-9F7C281B947C}.Release|x64.ActiveCfg = Release|x64
		{C78D880B-3397-887C-BC12-9F7C281B947C}.Release|x64.Build.0 = Release|x64
		{81C5F27D-ED7A-6B73-766F-654AE2236277}.Debug|x64.ActiveCfg = Debug|x64
		{81C5F27D-ED7A-6B73-766F-654AE2236277}.Debug|x64.Build.0 = Debug|x64
		{81C5F27D-ED7A-6B73-766F-654AE2236277}.Release|x64.ActiveCfg = Release|x64
		{81C5F27D-ED7A-6B73-766F-654AE2236277}.Release|x64.Build.0 = Release|x64
		{A5055D76-1170-11ED-5AAE-C292C657EF41}.Debug|x64.ActiveCfg = Debug|x64
		{A5055D76-1170-11ED-5AAE-C292C657EF41}.Release|x64.ActiveCfg = Release|x64
	EndGlobalSection
	GlobalSection(SolutionProperties) = preSolution
		HideSolutionNode = FALSE
	EndGlobalSection
	GlobalSection(NestedProjects) = preSolution
		{DD62977C-C999-980D-7286-7E105E9C140F} = {53E47842-3FC8-3998-A828-34EB942B241A}
		{9563977C-819A-980D-2A87-7E10169D140F} = {53E47842-3FC8-3998-A828-34EB942B241A}
		{C78D880B-3397-887C-BC12-9F7C281B947C} = {53E47842-3FC8-3998-A828-34EB942B241A}
	EndGlobalSection
EndGlobal
