<?xml version="1.0" encoding="utf-8"?>
<Project ToolsVersion="4.0" xmlns="http://schemas.microsoft.com/developer/msbuild/2003">
  <ItemGroup>
    <Filter Include="moreTests">
      <UniqueIdentifier>{4B70D534-B7DA-89AB-0019-3B516CC26700}</UniqueIdentifier>
    </Filter>
  </ItemGroup>
  <ItemGroup>
    <None Include="src\moreTests\test4.lua">
      <Filter>moreTests</Filter>
    </None>
    <None Include="src\test.lua" />
    <None Include="src\test2.lua" />
  </ItemGroup>
</Project>